{
  "name": "typecon_plugin",
  "version": "0.6.0",
  "lockfileVersion": 3,
  "requires": true,
  "dev": true,
  "packages": {
    "": {
      "name": "typecon_plugin",
      "version": "0.6.0",
      "license": "MIT",
      "devDependencies": {
        "typescript": "^5.8.2"
      }
    },
    "../TypeCON": {
      "name": "typecon",
      "version": "0.0.1",
      "extraneous": true,
      "license": "GPL-3.0-only",
      "dependencies": {
        "fs-extra": "^11.3.0",
        "inquirer": "^12.5.0",
        "ts-morph": "^25.0.1"
      },
      "bin": {
        "tcc": "dist/main.js"
      },
      "devDependencies": {
        "@types/node": "^22.13.11",
        "pkg": "^5.8.1",
        "ts-node-dev": "^2.0.0",
        "typescript": "^5.8.2"
      }
    },
    "node_modules/typescript": {
      "version": "5.8.2",
      "resolved": "https://registry.npmjs.org/typescript/-/typescript-5.8.2.tgz",
      "integrity": "sha512-aJn6wq13/afZp/jT9QZmwEjDqqvSGp1VT5GVg+f/t6/oVyrgXM6BY1h9BRh/O5p3PlUPAe+WuiEZOmb/49RqoQ==",
      "dev": true,
      "license": "Apache-2.0",
      "bin": {
        "tsc": "bin/tsc",
        "tsserver": "bin/tsserver"
      },
      "engines": {
        "node": ">=14.17"
      }
    }
  }
}
